
Microsoft Visual Studio Solution File, Format Version 12.00
# Visual Studio Version 16
VisualStudioVersion = 16.0.29215.179
MinimumVisualStudioVersion = 10.0.40219.1
Project("{9A19103F-16F7-4668-BE54-9A1E7A4F7556}") = "Employee.Api", "Employee.Api\Employee.Api.csproj", "{7E7F367E-E7CC-4F8E-95D7-166ABA5B85D5}"
EndProject
Project("{FAE04EC0-301F-11D3-BF4B-00C04F79EFBC}") = "Employees", "Employees\Employees.csproj", "{EB3E9B26-CB9C-4CB5-B925-395A886DEC02}"
EndProject
Global
	GlobalSection(SolutionConfigurationPlatforms) = preSolution
		Debug|Any CPU = Debug|Any CPU
		Release|Any CPU = Release|Any CPU
	EndGlobalSection
	GlobalSection(ProjectConfigurationPlatforms) = postSolution
		{7E7F367E-E7CC-4F8E-95D7-166ABA5B85D5}.Debug|Any CPU.ActiveCfg = Debug|Any CPU
		{7E7F367E-E7CC-4F8E-95D7-166ABA5B85D5}.Debug|Any CPU.Build.0 = Debug|Any CPU
		{7E7F367E-E7CC-4F8E-95D7-166ABA5B85D5}.Release|Any CPU.ActiveCfg = Release|Any CPU
		{7E7F367E-E7CC-4F8E-95D7-166ABA5B85D5}.Release|Any CPU.Build.0 = Release|Any CPU
		{EB3E9B26-CB9C-4CB5-B925-395A886DEC02}.Debug|Any CPU.ActiveCfg = Debug|Any CPU
		{EB3E9B26-CB9C-4CB5-B925-395A886DEC02}.Debug|Any CPU.Build.0 = Debug|Any CPU
		{EB3E9B26-CB9C-4CB5-B925-395A886DEC02}.Release|Any CPU.ActiveCfg = Release|Any CPU
		{EB3E9B26-CB9C-4CB5-B925-395A886DEC02}.Release|Any CPU.Build.0 = Release|Any CPU
	EndGlobalSection
	GlobalSection(SolutionProperties) = preSolution
		HideSolutionNode = FALSE
	EndGlobalSection
	GlobalSection(ExtensibilityGlobals) = postSolution
		SolutionGuid = {9C0DF08C-8F7F-4D9A-8700-E94A1F75D98C}
	EndGlobalSection
EndGlobal
